
Microsoft Visual Studio Solution File, Format Version 12.00
Project("{FAE04EC0-301F-11D3-BF4B-00C04F79EFBC}") = "PerturaboTech.Genesis", "PerturaboTech.Genesis\PerturaboTech.Genesis.csproj", "{177E901A-0C28-4AC3-AD14-DF7A26B2BC5A}"
EndProject
Global
	GlobalSection(SolutionConfigurationPlatforms) = preSolution
		Debug|Any CPU = Debug|Any CPU
		Release|Any CPU = Release|Any CPU
	EndGlobalSection
	GlobalSection(ProjectConfigurationPlatforms) = postSolution
		{177E901A-0C28-4AC3-AD14-DF7A26B2BC5A}.Debug|Any CPU.ActiveCfg = Debug|Any CPU
		{177E901A-0C28-4AC3-AD14-DF7A26B2BC5A}.Debug|Any CPU.Build.0 = Debug|Any CPU
		{177E901A-0C28-4AC3-AD14-DF7A26B2BC5A}.Release|Any CPU.ActiveCfg = Release|Any CPU
		{177E901A-0C28-4AC3-AD14-DF7A26B2BC5A}.Release|Any CPU.Build.0 = Release|Any CPU
	EndGlobalSection
EndGlobal
